
Microsoft Visual Studio Solution File, Format Version 12.00
# Visual Studio Version 16
VisualStudioVersion = 16.0.31129.286
MinimumVisualStudioVersion = 10.0.40219.1
Project("{FAE04EC0-301F-11D3-BF4B-00C04F79EFBC}") = "SAP_API", "SAP_API\SAP_API.csproj", "{6E5C3918-8A78-412E-8CFF-8FB95B78BB36}"
EndProject
Global
	GlobalSection(SolutionConfigurationPlatforms) = preSolution
		Debug|Any CPU = Debug|Any CPU
		Release|Any CPU = Release|Any CPU
	EndGlobalSection
	GlobalSection(ProjectConfigurationPlatforms) = postSolution
		{6E5C3918-8A78-412E-8CFF-8FB95B78BB36}.Debug|Any CPU.ActiveCfg = Debug|Any CPU
		{6E5C3918-8A78-412E-8CFF-8FB95B78BB36}.Debug|Any CPU.Build.0 = Debug|Any CPU
		{6E5C3918-8A78-412E-8CFF-8FB95B78BB36}.Release|Any CPU.ActiveCfg = Release|Any CPU
		{6E5C3918-8A78-412E-8CFF-8FB95B78BB36}.Release|Any CPU.Build.0 = Release|Any CPU
	EndGlobalSection
	GlobalSection(SolutionProperties) = preSolution
		HideSolutionNode = FALSE
	EndGlobalSection
	GlobalSection(ExtensibilityGlobals) = postSolution
		SolutionGuid = {A9F90A01-4C39-4C17-B792-8425B0A99DF3}
	EndGlobalSection
EndGlobal
